
Microsoft Visual Studio Solution File, Format Version 12.00
# Visual Studio Version 16
VisualStudioVersion = 16.0.810.7
MinimumVisualStudioVersion = 10.0.40219.1
Project("{FAE04EC0-301F-11D3-BF4B-00C04F79EFBC}") = "HelloWorld_Other", "HelloWorld_Other\HelloWorld_Other.csproj", "{36A91925-0ED3-4593-989F-21615326FC77}"
EndProject
Global
	GlobalSection(SolutionConfigurationPlatforms) = preSolution
		Debug|anycpu = Debug|anycpu
		Release|anycpu = Release|anycpu
	EndGlobalSection
	GlobalSection(ProjectConfigurationPlatforms) = postSolution
		{36A91925-0ED3-4593-989F-21615326FC77}.Debug|anycpu.ActiveCfg = Debug|anycpu
		{36A91925-0ED3-4593-989F-21615326FC77}.Debug|anycpu.Build.0 = Debug|anycpu
		{36A91925-0ED3-4593-989F-21615326FC77}.Release|anycpu.ActiveCfg = Release|anycpu
		{36A91925-0ED3-4593-989F-21615326FC77}.Release|anycpu.Build.0 = Release|anycpu
	EndGlobalSection
	GlobalSection(SolutionProperties) = preSolution
		HideSolutionNode = FALSE
	EndGlobalSection
	GlobalSection(ExtensibilityGlobals) = postSolution
		SolutionGuid = {213F9612-05C7-4541-9466-14EA9AFA09B3}
	EndGlobalSection
EndGlobal
