
Microsoft Visual Studio Solution File, Format Version 12.00
# Visual Studio Version 16
VisualStudioVersion = 16.0.810.7
MinimumVisualStudioVersion = 10.0.40219.1
Project("{FAE04EC0-301F-11D3-BF4B-00C04F79EFBC}") = "HelloWorld_new", "HelloWorld_new\HelloWorld_new.csproj", "{40096BB7-E8B4-41B2-A414-7D164446766C}"
EndProject
Global
	GlobalSection(SolutionConfigurationPlatforms) = preSolution
		Debug|Any CPU = Debug|Any CPU
		Release|Any CPU = Release|Any CPU
	EndGlobalSection
	GlobalSection(ProjectConfigurationPlatforms) = postSolution
		{40096BB7-E8B4-41B2-A414-7D164446766C}.Debug|Any CPU.ActiveCfg = Debug|Any CPU
		{40096BB7-E8B4-41B2-A414-7D164446766C}.Debug|Any CPU.Build.0 = Debug|Any CPU
		{40096BB7-E8B4-41B2-A414-7D164446766C}.Release|Any CPU.ActiveCfg = Release|Any CPU
		{40096BB7-E8B4-41B2-A414-7D164446766C}.Release|Any CPU.Build.0 = Release|Any CPU
	EndGlobalSection
	GlobalSection(SolutionProperties) = preSolution
		HideSolutionNode = FALSE
	EndGlobalSection
	GlobalSection(ExtensibilityGlobals) = postSolution
		SolutionGuid = {2A19D58C-7D30-478D-889E-4E880803478F}
	EndGlobalSection
EndGlobal
