
Microsoft Visual Studio Solution File, Format Version 12.00
# Visual Studio Version 16
VisualStudioVersion = 16.0.810.7
MinimumVisualStudioVersion = 10.0.40219.1
Project("{FAE04EC0-301F-11D3-BF4B-00C04F79EFBC}") = "Loops", "Loops\Loops.csproj", "{77444812-4D9C-4594-A114-AC496C3473D5}"
EndProject
Global
	GlobalSection(SolutionConfigurationPlatforms) = preSolution
		Debug|anycpu = Debug|anycpu
		Release|anycpu = Release|anycpu
	EndGlobalSection
	GlobalSection(ProjectConfigurationPlatforms) = postSolution
		{77444812-4D9C-4594-A114-AC496C3473D5}.Debug|anycpu.ActiveCfg = Debug|anycpu
		{77444812-4D9C-4594-A114-AC496C3473D5}.Debug|anycpu.Build.0 = Debug|anycpu
		{77444812-4D9C-4594-A114-AC496C3473D5}.Release|anycpu.ActiveCfg = Release|anycpu
		{77444812-4D9C-4594-A114-AC496C3473D5}.Release|anycpu.Build.0 = Release|anycpu
	EndGlobalSection
	GlobalSection(SolutionProperties) = preSolution
		HideSolutionNode = FALSE
	EndGlobalSection
	GlobalSection(ExtensibilityGlobals) = postSolution
		SolutionGuid = {08AF8FD8-8D00-40E3-9812-4C0CB6071BCC}
	EndGlobalSection
EndGlobal
