
Microsoft Visual Studio Solution File, Format Version 12.00
# Visual Studio Version 16
VisualStudioVersion = 16.0.810.7
MinimumVisualStudioVersion = 10.0.40219.1
Project("{FAE04EC0-301F-11D3-BF4B-00C04F79EFBC}") = "Properties", "Properties\Properties.csproj", "{F4F13365-950C-4647-A04A-EEC6909DF499}"
EndProject
Global
	GlobalSection(SolutionConfigurationPlatforms) = preSolution
		Debug|anycpu = Debug|anycpu
		Release|anycpu = Release|anycpu
	EndGlobalSection
	GlobalSection(ProjectConfigurationPlatforms) = postSolution
		{F4F13365-950C-4647-A04A-EEC6909DF499}.Debug|anycpu.ActiveCfg = Debug|anycpu
		{F4F13365-950C-4647-A04A-EEC6909DF499}.Debug|anycpu.Build.0 = Debug|anycpu
		{F4F13365-950C-4647-A04A-EEC6909DF499}.Release|anycpu.ActiveCfg = Release|anycpu
		{F4F13365-950C-4647-A04A-EEC6909DF499}.Release|anycpu.Build.0 = Release|anycpu
	EndGlobalSection
	GlobalSection(SolutionProperties) = preSolution
		HideSolutionNode = FALSE
	EndGlobalSection
	GlobalSection(ExtensibilityGlobals) = postSolution
		SolutionGuid = {A055F1B7-9E4F-486D-A21F-AE00F2EDBCCB}
	EndGlobalSection
EndGlobal
