
Microsoft Visual Studio Solution File, Format Version 12.00
# Visual Studio Version 16
VisualStudioVersion = 16.0.810.7
MinimumVisualStudioVersion = 10.0.40219.1
Project("{FAE04EC0-301F-11D3-BF4B-00C04F79EFBC}") = "HelloWorld_new", "HelloWorld_new.csproj", "{6D9DF191-CBE6-4138-A78E-27F368130BD6}"
EndProject
Global
	GlobalSection(SolutionConfigurationPlatforms) = preSolution
		Debug|Any CPU = Debug|Any CPU
		Release|Any CPU = Release|Any CPU
	EndGlobalSection
	GlobalSection(ProjectConfigurationPlatforms) = postSolution
		{6D9DF191-CBE6-4138-A78E-27F368130BD6}.Debug|Any CPU.ActiveCfg = Debug|Any CPU
		{6D9DF191-CBE6-4138-A78E-27F368130BD6}.Debug|Any CPU.Build.0 = Debug|Any CPU
		{6D9DF191-CBE6-4138-A78E-27F368130BD6}.Release|Any CPU.ActiveCfg = Release|Any CPU
		{6D9DF191-CBE6-4138-A78E-27F368130BD6}.Release|Any CPU.Build.0 = Release|Any CPU
	EndGlobalSection
	GlobalSection(SolutionProperties) = preSolution
		HideSolutionNode = FALSE
	EndGlobalSection
	GlobalSection(ExtensibilityGlobals) = postSolution
		SolutionGuid = {82EAE7A4-2BF7-4B66-B4F8-DC41244B0A30}
	EndGlobalSection
EndGlobal
